Microsoft Visual Studio Solution File, Format Version 12.00
# Visual Studio 2012
Project("{FAE04EC0-301F-11D3-BF4B-00C04F79EFBC}") = "FlappyBird", "FlappyBird.csproj", "{B323C65C-B33F-4EAD-B4AF-104C60CCC01A}"
EndProject
Global
	GlobalSection(SolutionConfigurationPlatforms) = preSolution
	Debug|Any CPU = Debug|Any CPU
	ExportDebug|Any CPU = ExportDebug|Any CPU
	ExportRelease|Any CPU = ExportRelease|Any CPU
	EndGlobalSection
	GlobalSection(ProjectConfigurationPlatforms) = postSolution
		{B323C65C-B33F-4EAD-B4AF-104C60CCC01A}.Debug|Any CPU.ActiveCfg = Debug|Any CPU
		{B323C65C-B33F-4EAD-B4AF-104C60CCC01A}.Debug|Any CPU.Build.0 = Debug|Any CPU
		{B323C65C-B33F-4EAD-B4AF-104C60CCC01A}.ExportDebug|Any CPU.ActiveCfg = ExportDebug|Any CPU
		{B323C65C-B33F-4EAD-B4AF-104C60CCC01A}.ExportDebug|Any CPU.Build.0 = ExportDebug|Any CPU
		{B323C65C-B33F-4EAD-B4AF-104C60CCC01A}.ExportRelease|Any CPU.ActiveCfg = ExportRelease|Any CPU
		{B323C65C-B33F-4EAD-B4AF-104C60CCC01A}.ExportRelease|Any CPU.Build.0 = ExportRelease|Any CPU
	EndGlobalSection
EndGlobal
